
Microsoft Visual Studio Solution File, Format Version 12.00
# Visual Studio Version 17
VisualStudioVersion = 17.7.34221.43
MinimumVisualStudioVersion = 10.0.40219.1
Project("{FAE04EC0-301F-11D3-BF4B-00C04F79EFBC}") = "Allure", "Allure\Allure.csproj", "{DE76BE2C-57F0-4257-90F3-6FE0A71E38F9}"
EndProject
Global
	GlobalSection(SolutionConfigurationPlatforms) = preSolution
		Debug|Any CPU = Debug|Any CPU
		Release|Any CPU = Release|Any CPU
	EndGlobalSection
	GlobalSection(ProjectConfigurationPlatforms) = postSolution
		{DE76BE2C-57F0-4257-90F3-6FE0A71E38F9}.Debug|Any CPU.ActiveCfg = Debug|Any CPU
		{DE76BE2C-57F0-4257-90F3-6FE0A71E38F9}.Debug|Any CPU.Build.0 = Debug|Any CPU
		{DE76BE2C-57F0-4257-90F3-6FE0A71E38F9}.Release|Any CPU.ActiveCfg = Release|Any CPU
		{DE76BE2C-57F0-4257-90F3-6FE0A71E38F9}.Release|Any CPU.Build.0 = Release|Any CPU
	EndGlobalSection
	GlobalSection(SolutionProperties) = preSolution
		HideSolutionNode = FALSE
	EndGlobalSection
	GlobalSection(ExtensibilityGlobals) = postSolution
		SolutionGuid = {591CAB01-3E37-4920-91FA-FC5AC2308B35}
	EndGlobalSection
EndGlobal
